<?xml version="1.0" encoding="utf-8"?>
<Project ToolsVersion="4.0" xmlns="http://schemas.microsoft.com/developer/msbuild/2003">
  <ItemGroup>
    <Filter Include="Source Files">
      <UniqueIdentifier>{4FC737F1-C7A5-4376-A066-2A32D752A2FF}</UniqueIdentifier>
      <Extensions>cpp;c;cc;cxx;c++;cppm;ixx;def;odl;idl;hpj;bat;asm;asmx</Extensions>
    </Filter>
    <Filter Include="Header Files">
      <UniqueIdentifier>{93995380-89BD-4b04-88EB-625FBE52EBFB}</UniqueIdentifier>
      <Extensions>h;hh;hpp;hxx;h++;hm;inl;inc;ipp;xsd</Extensions>
    </Filter>
    <Filter Include="Resource Files">
      <UniqueIdentifier>{67DA6AB6-F800-4c08-8B7A-83BB121AAD01}</UniqueIdentifier>
      <Extensions>rc;ico;cur;bmp;dlg;rc2;rct;bin;rgs;gif;jpg;jpeg;jpe;resx;tiff;tif;png;wav;mfcribbon-ms</Extensions>
    </Filter>
    <Filter Include="GameMode">
      <UniqueIdentifier>{85c1dfcb-4740-4474-94ff-fd5a7875b986}</UniqueIdentifier>
    </Filter>
    <Filter Include="GameMode\GameModeManager">
      <UniqueIdentifier>{9fed587b-2e9d-4862-bed3-6894853209c5}</UniqueIdentifier>
    </Filter>
    <Filter Include="GameMode\MainMenu">
      <UniqueIdentifier>{d3406167-3063-4e4c-9832-2d6daf88279c}</UniqueIdentifier>
    </Filter>
    <Filter Include="LevelBuilder">
      <UniqueIdentifier>{d47751af-65aa-4cc1-85bb-06d380fd7b3a}</UniqueIdentifier>
    </Filter>
    <Filter Include="DiggerSceneBuilder">
      <UniqueIdentifier>{6889a5fd-1f09-40b5-8b4d-3775002c2e7f}</UniqueIdentifier>
    </Filter>
    <Filter Include="Tiles">
      <UniqueIdentifier>{19925b18-7ab9-4da6-bd96-b9e4680924be}</UniqueIdentifier>
    </Filter>
    <Filter Include="Tiles\TileComponent">
      <UniqueIdentifier>{b32fea0d-5834-43fb-88d8-54a2182a917d}</UniqueIdentifier>
    </Filter>
    <Filter Include="Tiles\TileManager">
      <UniqueIdentifier>{fb499c40-56ce-4c0e-812c-06c39b58a99c}</UniqueIdentifier>
    </Filter>
    <Filter Include="Player">
      <UniqueIdentifier>{26ff99b6-5b36-450e-8226-711e20037d32}</UniqueIdentifier>
    </Filter>
    <Filter Include="Player\PlayerComponent">
      <UniqueIdentifier>{9d51a133-bf97-4a44-b644-7b1ffa987b9e}</UniqueIdentifier>
    </Filter>
    <Filter Include="Player\States">
      <UniqueIdentifier>{6c2dca24-872b-48d9-822e-1494e4b63431}</UniqueIdentifier>
    </Filter>
    <Filter Include="Player\States\AliveState">
      <UniqueIdentifier>{bc38caac-6e6e-4cc2-9715-c461ff6cb5fb}</UniqueIdentifier>
    </Filter>
    <Filter Include="Player\States\DeadState">
      <UniqueIdentifier>{1d48ceaf-85a4-4402-b4f7-f5b40d2afc34}</UniqueIdentifier>
    </Filter>
    <Filter Include="Level Objects">
      <UniqueIdentifier>{d53340bb-b14e-445c-9669-dfe9a059e9b7}</UniqueIdentifier>
    </Filter>
    <Filter Include="InteractableComponent">
      <UniqueIdentifier>{ed5fec35-5f8f-4c79-a885-2a584bc6dc9a}</UniqueIdentifier>
    </Filter>
    <Filter Include="Level Objects\GoldBag">
      <UniqueIdentifier>{500ce616-30c8-4810-ab5e-a473914fd904}</UniqueIdentifier>
    </Filter>
    <Filter Include="Level Objects\Emerald">
      <UniqueIdentifier>{a40b83b1-51af-4f94-b6da-dd1f5cc2847e}</UniqueIdentifier>
    </Filter>
    <Filter Include="Level Objects\Emerald\EmeraldComponent">
      <UniqueIdentifier>{d6b952ad-4300-4ba5-aa92-ebf055f12a7a}</UniqueIdentifier>
    </Filter>
    <Filter Include="Level Objects\GoldBag\Goldbag States">
      <UniqueIdentifier>{346468af-6044-4a92-acc7-66e82f4cbf47}</UniqueIdentifier>
    </Filter>
    <Filter Include="Level Objects\GoldBag\Goldbag States\States">
      <UniqueIdentifier>{0f16580d-02e1-4489-b0aa-f1c62484cc86}</UniqueIdentifier>
    </Filter>
    <Filter Include="Player\FireballComponent">
      <UniqueIdentifier>{836c7622-3dcd-45fa-9612-6dafa9d5ed82}</UniqueIdentifier>
    </Filter>
    <Filter Include="Player\Commands">
      <UniqueIdentifier>{dd8fed24-a7a4-476a-a826-5b94ca2d8bc4}</UniqueIdentifier>
    </Filter>
    <Filter Include="Player\Commands\MoveCommand">
      <UniqueIdentifier>{0317e76e-bc86-4615-a279-bad089c5b212}</UniqueIdentifier>
    </Filter>
    <Filter Include="Player\Commands\FireballCommand">
      <UniqueIdentifier>{9388c10f-ebd5-4725-a38f-4bc2bca3c7b1}</UniqueIdentifier>
    </Filter>
    <Filter Include="UI">
      <UniqueIdentifier>{6d5cd49b-04e8-4032-bcbe-7b161c11dae6}</UniqueIdentifier>
    </Filter>
    <Filter Include="Enemy">
      <UniqueIdentifier>{3a8b9406-a3e9-4caa-9658-84efab9f0840}</UniqueIdentifier>
    </Filter>
    <Filter Include="Enemy\EnemyComponent">
      <UniqueIdentifier>{b50969b8-637d-4c59-ab25-5c659972edc9}</UniqueIdentifier>
    </Filter>
    <Filter Include="Enemy\EnemyStates">
      <UniqueIdentifier>{a4c05423-9e20-4c00-9359-8ce712886ca8}</UniqueIdentifier>
    </Filter>
    <Filter Include="Enemy\EnemyStates\NobbinState">
      <UniqueIdentifier>{65664e4d-5dc1-47b3-b644-e96147dd46b0}</UniqueIdentifier>
    </Filter>
    <Filter Include="Enemy\EnemyStates\HobbinState">
      <UniqueIdentifier>{5e4d3519-3e6b-4ca5-b231-930967981691}</UniqueIdentifier>
    </Filter>
    <Filter Include="Level Objects\GoldBag\Goldbag States\States\GoldbagComponent">
      <UniqueIdentifier>{0bfbc455-459a-4a3c-805d-394b448ad2e7}</UniqueIdentifier>
    </Filter>
  </ItemGroup>
  <ItemGroup>
    <ClCompile Include="main.cpp">
      <Filter>Source Files</Filter>
    </ClCompile>
    <ClCompile Include="GameModeManager.cpp">
      <Filter>GameMode\GameModeManager</Filter>
    </ClCompile>
    <ClCompile Include="MainMenu.cpp">
      <Filter>GameMode\MainMenu</Filter>
    </ClCompile>
    <ClCompile Include="LevelBuilder.cpp">
      <Filter>LevelBuilder</Filter>
    </ClCompile>
    <ClCompile Include="DiggerSceneBuilder.cpp">
      <Filter>DiggerSceneBuilder</Filter>
    </ClCompile>
    <ClCompile Include="TileManager.cpp">
      <Filter>Tiles\TileManager</Filter>
    </ClCompile>
    <ClCompile Include="TileComponent.cpp">
      <Filter>Tiles\TileComponent</Filter>
    </ClCompile>
    <ClCompile Include="PlayerComponent.cpp">
      <Filter>Player\PlayerComponent</Filter>
    </ClCompile>
    <ClCompile Include="AliveState.cpp">
      <Filter>Player\States\AliveState</Filter>
    </ClCompile>
    <ClCompile Include="DeadState.cpp">
      <Filter>Player\States\DeadState</Filter>
    </ClCompile>
    <ClCompile Include="EmeraldComponent.cpp">
      <Filter>Level Objects\Emerald\EmeraldComponent</Filter>
    </ClCompile>
    <ClCompile Include="GoldBagStates.cpp">
      <Filter>Level Objects\GoldBag\Goldbag States\States</Filter>
    </ClCompile>
    <ClCompile Include="GoldBagComponent.cpp">
      <Filter>Level Objects\GoldBag\Goldbag States\States\GoldbagComponent</Filter>
    </ClCompile>
    <ClCompile Include="FireballComponent.cpp">
      <Filter>Player\FireballComponent</Filter>
    </ClCompile>
    <ClCompile Include="UIComponent.cpp">
      <Filter>UI</Filter>
    </ClCompile>
    <ClCompile Include="EnemyComponent.cpp">
      <Filter>Enemy\EnemyComponent</Filter>
    </ClCompile>
    <ClCompile Include="NobbinState.cpp">
      <Filter>Enemy\EnemyStates\NobbinState</Filter>
    </ClCompile>
    <ClCompile Include="HobbinState.cpp">
      <Filter>Enemy\EnemyStates\HobbinState</Filter>
    </ClCompile>
  </ItemGroup>
  <ItemGroup>
    <ClInclude Include="GameModeManager.h">
      <Filter>GameMode\GameModeManager</Filter>
    </ClInclude>
    <ClInclude Include="GameMode.h">
      <Filter>GameMode</Filter>
    </ClInclude>
    <ClInclude Include="MainMenu.h">
      <Filter>GameMode\MainMenu</Filter>
    </ClInclude>
    <ClInclude Include="LevelBuilder.h">
      <Filter>LevelBuilder</Filter>
    </ClInclude>
    <ClInclude Include="DiggerSceneBuilder.h">
      <Filter>DiggerSceneBuilder</Filter>
    </ClInclude>
    <ClInclude Include="TileComponent.h">
      <Filter>Tiles\TileComponent</Filter>
    </ClInclude>
    <ClInclude Include="TileManager.h">
      <Filter>Tiles\TileManager</Filter>
    </ClInclude>
    <ClInclude Include="PlayerComponent.h">
      <Filter>Player\PlayerComponent</Filter>
    </ClInclude>
    <ClInclude Include="AliveState.h">
      <Filter>Player\States\AliveState</Filter>
    </ClInclude>
    <ClInclude Include="DeadState.h">
      <Filter>Player\States\DeadState</Filter>
    </ClInclude>
    <ClInclude Include="PlayerState.h">
      <Filter>Player\States</Filter>
    </ClInclude>
    <ClInclude Include="MoveCommand.h">
      <Filter>Player\Commands\MoveCommand</Filter>
    </ClInclude>
    <ClInclude Include="EmeraldComponent.h">
      <Filter>Level Objects\Emerald\EmeraldComponent</Filter>
    </ClInclude>
    <ClInclude Include="InteractableComponent.h">
      <Filter>InteractableComponent</Filter>
    </ClInclude>
    <ClInclude Include="GoldBagStates.h">
      <Filter>Level Objects\GoldBag\Goldbag States\States</Filter>
    </ClInclude>
    <ClInclude Include="GoldBagComponent.h">
      <Filter>Level Objects\GoldBag\Goldbag States\States\GoldbagComponent</Filter>
    </ClInclude>
    <ClInclude Include="FireballComponent.h">
      <Filter>Player\FireballComponent</Filter>
    </ClInclude>
    <ClInclude Include="FireballCommand.h">
      <Filter>Player\Commands\FireballCommand</Filter>
    </ClInclude>
    <ClInclude Include="UIComponent.h">
      <Filter>UI</Filter>
    </ClInclude>
    <ClInclude Include="EnemyComponent.h">
      <Filter>Enemy\EnemyComponent</Filter>
    </ClInclude>
    <ClInclude Include="EnemyState.h">
      <Filter>Enemy\EnemyStates</Filter>
    </ClInclude>
    <ClInclude Include="NobbinState.h">
      <Filter>Enemy\EnemyStates\NobbinState</Filter>
    </ClInclude>
    <ClInclude Include="HobbinState.h">
      <Filter>Enemy\EnemyStates\HobbinState</Filter>
    </ClInclude>
  </ItemGroup>
</Project>