<?xml version="1.0" encoding="utf-8"?>
<Project ToolsVersion="4.0" xmlns="http://schemas.microsoft.com/developer/msbuild/2003">
  <ItemGroup>
    <Filter Include="Source Files">
      <UniqueIdentifier>{4FC737F1-C7A5-4376-A066-2A32D752A2FF}</UniqueIdentifier>
      <Extensions>cpp;c;cc;cxx;c++;cppm;ixx;def;odl;idl;hpj;bat;asm;asmx</Extensions>
    </Filter>
    <Filter Include="Header Files">
      <UniqueIdentifier>{93995380-89BD-4b04-88EB-625FBE52EBFB}</UniqueIdentifier>
      <Extensions>h;hh;hpp;hxx;h++;hm;inl;inc;ipp;xsd</Extensions>
    </Filter>
    <Filter Include="Resource Files">
      <UniqueIdentifier>{67DA6AB6-F800-4c08-8B7A-83BB121AAD01}</UniqueIdentifier>
      <Extensions>rc;ico;cur;bmp;dlg;rc2;rct;bin;rgs;gif;jpg;jpeg;jpe;resx;tiff;tif;png;wav;mfcribbon-ms</Extensions>
    </Filter>
    <Filter Include="GameMode">
      <UniqueIdentifier>{85c1dfcb-4740-4474-94ff-fd5a7875b986}</UniqueIdentifier>
    </Filter>
    <Filter Include="GameMode\GameModeManager">
      <UniqueIdentifier>{9fed587b-2e9d-4862-bed3-6894853209c5}</UniqueIdentifier>
    </Filter>
    <Filter Include="GameMode\MainMenu">
      <UniqueIdentifier>{d3406167-3063-4e4c-9832-2d6daf88279c}</UniqueIdentifier>
    </Filter>
    <Filter Include="LevelBuilder">
      <UniqueIdentifier>{d47751af-65aa-4cc1-85bb-06d380fd7b3a}</UniqueIdentifier>
    </Filter>
    <Filter Include="DiggerSceneBuilder">
      <UniqueIdentifier>{6889a5fd-1f09-40b5-8b4d-3775002c2e7f}</UniqueIdentifier>
    </Filter>
    <Filter Include="Tiles">
      <UniqueIdentifier>{19925b18-7ab9-4da6-bd96-b9e4680924be}</UniqueIdentifier>
    </Filter>
    <Filter Include="Tiles\TileComponent">
      <UniqueIdentifier>{b32fea0d-5834-43fb-88d8-54a2182a917d}</UniqueIdentifier>
    </Filter>
    <Filter Include="Tiles\TileManager">
      <UniqueIdentifier>{fb499c40-56ce-4c0e-812c-06c39b58a99c}</UniqueIdentifier>
    </Filter>
    <Filter Include="Player">
      <UniqueIdentifier>{26ff99b6-5b36-450e-8226-711e20037d32}</UniqueIdentifier>
    </Filter>
    <Filter Include="Player\PlayerComponent">
      <UniqueIdentifier>{9d51a133-bf97-4a44-b644-7b1ffa987b9e}</UniqueIdentifier>
    </Filter>
    <Filter Include="Player\States">
      <UniqueIdentifier>{6c2dca24-872b-48d9-822e-1494e4b63431}</UniqueIdentifier>
    </Filter>
    <Filter Include="Player\States\AliveState">
      <UniqueIdentifier>{bc38caac-6e6e-4cc2-9715-c461ff6cb5fb}</UniqueIdentifier>
    </Filter>
    <Filter Include="Player\States\DeadState">
      <UniqueIdentifier>{1d48ceaf-85a4-4402-b4f7-f5b40d2afc34}</UniqueIdentifier>
    </Filter>
    <Filter Include="Player\MoveCommand">
      <UniqueIdentifier>{0317e76e-bc86-4615-a279-bad089c5b212}</UniqueIdentifier>
    </Filter>
  </ItemGroup>
  <ItemGroup>
    <ClCompile Include="main.cpp">
      <Filter>Source Files</Filter>
    </ClCompile>
    <ClCompile Include="GameModeManager.cpp">
      <Filter>GameMode\GameModeManager</Filter>
    </ClCompile>
    <ClCompile Include="MainMenu.cpp">
      <Filter>GameMode\MainMenu</Filter>
    </ClCompile>
    <ClCompile Include="LevelBuilder.cpp">
      <Filter>LevelBuilder</Filter>
    </ClCompile>
    <ClCompile Include="DiggerSceneBuilder.cpp">
      <Filter>DiggerSceneBuilder</Filter>
    </ClCompile>
    <ClCompile Include="TileManager.cpp">
      <Filter>Tiles\TileManager</Filter>
    </ClCompile>
    <ClCompile Include="TileComponent.cpp">
      <Filter>Tiles\TileComponent</Filter>
    </ClCompile>
    <ClCompile Include="PlayerComponent.cpp">
      <Filter>Player\PlayerComponent</Filter>
    </ClCompile>
    <ClCompile Include="AliveState.cpp">
      <Filter>Player\States\AliveState</Filter>
    </ClCompile>
    <ClCompile Include="DeadState.cpp">
      <Filter>Player\States\DeadState</Filter>
    </ClCompile>
  </ItemGroup>
  <ItemGroup>
    <ClInclude Include="GameModeManager.h">
      <Filter>GameMode\GameModeManager</Filter>
    </ClInclude>
    <ClInclude Include="GameMode.h">
      <Filter>GameMode</Filter>
    </ClInclude>
    <ClInclude Include="MainMenu.h">
      <Filter>GameMode\MainMenu</Filter>
    </ClInclude>
    <ClInclude Include="LevelBuilder.h">
      <Filter>LevelBuilder</Filter>
    </ClInclude>
    <ClInclude Include="DiggerSceneBuilder.h">
      <Filter>DiggerSceneBuilder</Filter>
    </ClInclude>
    <ClInclude Include="TileComponent.h">
      <Filter>Tiles\TileComponent</Filter>
    </ClInclude>
    <ClInclude Include="TileManager.h">
      <Filter>Tiles\TileManager</Filter>
    </ClInclude>
    <ClInclude Include="PlayerComponent.h">
      <Filter>Player\PlayerComponent</Filter>
    </ClInclude>
    <ClInclude Include="AliveState.h">
      <Filter>Player\States\AliveState</Filter>
    </ClInclude>
    <ClInclude Include="DeadState.h">
      <Filter>Player\States\DeadState</Filter>
    </ClInclude>
    <ClInclude Include="PlayerState.h">
      <Filter>Player\States</Filter>
    </ClInclude>
    <ClInclude Include="MoveCommand.h">
      <Filter>Player\MoveCommand</Filter>
    </ClInclude>
  </ItemGroup>
</Project>